// !$*UTF8*$!
{
	archiveVersion = 1;
	classes = {
	};
	objectVersion = 56;
	objects = {

/* Begin PBXBuildFile section */
		7A89F2FE29EE718E00FF9B82 /* iteratorPatternApp.swift in Sources */ = {isa = PBXBuildFile; fileRef = 7A89F2FD29EE718E00FF9B82 /* iteratorPatternApp.swift */; };
		7A89F30029EE718E00FF9B82 /* ContentView.swift in Sources */ = {isa = PBXBuildFile; fileRef = 7A89F2FF29EE718E00FF9B82 /* ContentView.swift */; };
		7A89F30229EE718E00FF9B82 /* Assets.xcassets in Resources */ = {isa = PBXBuildFile; fileRef = 7A89F30129EE718E00FF9B82 /* Assets.xcassets */; };
		7A89F30529EE718E00FF9B82 /* Preview Assets.xcassets in Resources */ = {isa = PBXBuildFile; fileRef = 7A89F30429EE718E00FF9B82 /* Preview Assets.xcassets */; };
		7A89F30F29EE718F00FF9B82 /* iteratorPatternTests.swift in Sources */ = {isa = PBXBuildFile; fileRef = 7A89F30E29EE718F00FF9B82 /* iteratorPatternTests.swift */; };
		7A89F31929EE718F00FF9B82 /* iteratorPatternUITests.swift in Sources */ = {isa = PBXBuildFile; fileRef = 7A89F31829EE718F00FF9B82 /* iteratorPatternUITests.swift */; };
		7A89F31B29EE718F00FF9B82 /* iteratorPatternUITestsLaunchTests.swift in Sources */ = {isa = PBXBuildFile; fileRef = 7A89F31A29EE718F00FF9B82 /* iteratorPatternUITestsLaunchTests.swift */; };
		7A89F32829EE76A200FF9B82 /* Iterator.swift in Sources */ = {isa = PBXBuildFile; fileRef = 7A89F32729EE76A200FF9B82 /* Iterator.swift */; };
		7A89F32D29EE7EB300FF9B82 /* Task.swift in Sources */ = {isa = PBXBuildFile; fileRef = 7A89F32C29EE7EB300FF9B82 /* Task.swift */; };
/* End PBXBuildFile section */

/* Begin PBXContainerItemProxy section */
		7A89F30B29EE718F00FF9B82 /* PBXContainerItemProxy */ = {
			isa = PBXContainerItemProxy;
			containerPortal = 7A89F2F229EE718E00FF9B82 /* Project object */;
			proxyType = 1;
			remoteGlobalIDString = 7A89F2F929EE718E00FF9B82;
			remoteInfo = iteratorPattern;
		};
		7A89F31529EE718F00FF9B82 /* PBXContainerItemProxy */ = {
			isa = PBXContainerItemProxy;
			containerPortal = 7A89F2F229EE718E00FF9B82 /* Project object */;
			proxyType = 1;
			remoteGlobalIDString = 7A89F2F929EE718E00FF9B82;
			remoteInfo = iteratorPattern;
		};
/* End PBXContainerItemProxy section */

/* Begin PBXFileReference section */
		7A89F2FA29EE718E00FF9B82 /* iteratorPattern.app */ = {isa = PBXFileReference; explicitFileType = wrapper.application; includeInIndex = 0; path = iteratorPattern.app; sourceTree = BUILT_PRODUCTS_DIR; };
		7A89F2FD29EE718E00FF9B82 /* iteratorPatternApp.swift */ = {isa = PBXFileReference; lastKnownFileType = sourcecode.swift; path = iteratorPatternApp.swift; sourceTree = "<group>"; };
		7A89F2FF29EE718E00FF9B82 /* ContentView.swift */ = {isa = PBXFileReference; lastKnownFileType = sourcecode.swift; path = ContentView.swift; sourceTree = "<group>"; };
		7A89F30129EE718E00FF9B82 /* Assets.xcassets */ = {isa = PBXFileReference; lastKnownFileType = folder.assetcatalog; path = Assets.xcassets; sourceTree = "<group>"; };
		7A89F30429EE718E00FF9B82 /* Preview Assets.xcassets */ = {isa = PBXFileReference; lastKnownFileType = folder.assetcatalog; path = "Preview Assets.xcassets"; sourceTree = "<group>"; };
		7A89F30A29EE718F00FF9B82 /* iteratorPatternTests.xctest */ = {isa = PBXFileReference; explicitFileType = wrapper.cfbundle; includeInIndex = 0; path = iteratorPatternTests.xctest; sourceTree = BUILT_PRODUCTS_DIR; };
		7A89F30E29EE718F00FF9B82 /* iteratorPatternTests.swift */ = {isa = PBXFileReference; lastKnownFileType = sourcecode.swift; path = iteratorPatternTests.swift; sourceTree = "<group>"; };
		7A89F31429EE718F00FF9B82 /* iteratorPatternUITests.xctest */ = {isa = PBXFileReference; explicitFileType = wrapper.cfbundle; includeInIndex = 0; path = iteratorPatternUITests.xctest; sourceTree = BUILT_PRODUCTS_DIR; };
		7A89F31829EE718F00FF9B82 /* iteratorPatternUITests.swift */ = {isa = PBXFileReference; lastKnownFileType = sourcecode.swift; path = iteratorPatternUITests.swift; sourceTree = "<group>"; };
		7A89F31A29EE718F00FF9B82 /* iteratorPatternUITestsLaunchTests.swift */ = {isa = PBXFileReference; lastKnownFileType = sourcecode.swift; path = iteratorPatternUITestsLaunchTests.swift; sourceTree = "<group>"; };
		7A89F32729EE76A200FF9B82 /* Iterator.swift */ = {isa = PBXFileReference; lastKnownFileType = sourcecode.swift; path = Iterator.swift; sourceTree = "<group>"; };
		7A89F32C29EE7EB300FF9B82 /* Task.swift */ = {isa = PBXFileReference; lastKnownFileType = sourcecode.swift; path = Task.swift; sourceTree = "<group>"; };
/* End PBXFileReference section */

/* Begin PBXFrameworksBuildPhase section */
		7A89F2F729EE718E00FF9B82 /* Frameworks */ = {
			isa = PBXFrameworksBuildPhase;
			buildActionMask = 2147483647;
			files = (
			);
			runOnlyForDeploymentPostprocessing = 0;
		};
		7A89F30729EE718F00FF9B82 /* Frameworks */ = {
			isa = PBXFrameworksBuildPhase;
			buildActionMask = 2147483647;
			files = (
			);
			runOnlyForDeploymentPostprocessing = 0;
		};
		7A89F31129EE718F00FF9B82 /* Frameworks */ = {
			isa = PBXFrameworksBuildPhase;
			buildActionMask = 2147483647;
			files = (
			);
			runOnlyForDeploymentPostprocessing = 0;
		};
/* End PBXFrameworksBuildPhase section */

/* Begin PBXGroup section */
		7A89F2F129EE718E00FF9B82 = {
			isa = PBXGroup;
			children = (
				7A89F2FC29EE718E00FF9B82 /* iteratorPattern */,
				7A89F30D29EE718F00FF9B82 /* iteratorPatternTests */,
				7A89F31729EE718F00FF9B82 /* iteratorPatternUITests */,
				7A89F2FB29EE718E00FF9B82 /* Products */,
			);
			sourceTree = "<group>";
		};
		7A89F2FB29EE718E00FF9B82 /* Products */ = {
			isa = PBXGroup;
			children = (
				7A89F2FA29EE718E00FF9B82 /* iteratorPattern.app */,
				7A89F30A29EE718F00FF9B82 /* iteratorPatternTests.xctest */,
				7A89F31429EE718F00FF9B82 /* iteratorPatternUITests.xctest */,
			);
			name = Products;
			sourceTree = "<group>";
		};
		7A89F2FC29EE718E00FF9B82 /* iteratorPattern */ = {
			isa = PBXGroup;
			children = (
				7A89F32B29EE7EA300FF9B82 /* Model */,
				7A89F2FD29EE718E00FF9B82 /* iteratorPatternApp.swift */,
				7A89F2FF29EE718E00FF9B82 /* ContentView.swift */,
				7A89F30129EE718E00FF9B82 /* Assets.xcassets */,
				7A89F30329EE718E00FF9B82 /* Preview Content */,
				7A89F32729EE76A200FF9B82 /* Iterator.swift */,
			);
			path = iteratorPattern;
			sourceTree = "<group>";
		};
		7A89F30329EE718E00FF9B82 /* Preview Content */ = {
			isa = PBXGroup;
			children = (
				7A89F30429EE718E00FF9B82 /* Preview Assets.xcassets */,
			);
			path = "Preview Content";
			sourceTree = "<group>";
		};
		7A89F30D29EE718F00FF9B82 /* iteratorPatternTests */ = {
			isa = PBXGroup;
			children = (
				7A89F30E29EE718F00FF9B82 /* iteratorPatternTests.swift */,
			);
			path = iteratorPatternTests;
			sourceTree = "<group>";
		};
		7A89F31729EE718F00FF9B82 /* iteratorPatternUITests */ = {
			isa = PBXGroup;
			children = (
				7A89F31829EE718F00FF9B82 /* iteratorPatternUITests.swift */,
				7A89F31A29EE718F00FF9B82 /* iteratorPatternUITestsLaunchTests.swift */,
			);
			path = iteratorPatternUITests;
			sourceTree = "<group>";
		};
		7A89F32B29EE7EA300FF9B82 /* Model */ = {
			isa = PBXGroup;
			children = (
				7A89F32C29EE7EB300FF9B82 /* Task.swift */,
			);
			path = Model;
			sourceTree = "<group>";
		};
/* End PBXGroup section */

/* Begin PBXNativeTarget section */
		7A89F2F929EE718E00FF9B82 /* iteratorPattern */ = {
			isa = PBXNativeTarget;
			buildConfigurationList = 7A89F31E29EE718F00FF9B82 /* Build configuration list for PBXNativeTarget "iteratorPattern" */;
			buildPhases = (
				7A89F2F629EE718E00FF9B82 /* Sources */,
				7A89F2F729EE718E00FF9B82 /* Frameworks */,
				7A89F2F829EE718E00FF9B82 /* Resources */,
			);
			buildRules = (
			);
			dependencies = (
			);
			name = iteratorPattern;
			productName = iteratorPattern;
			productReference = 7A89F2FA29EE718E00FF9B82 /* iteratorPattern.app */;
			productType = "com.apple.product-type.application";
		};
		7A89F30929EE718F00FF9B82 /* iteratorPatternTests */ = {
			isa = PBXNativeTarget;
			buildConfigurationList = 7A89F32129EE718F00FF9B82 /* Build configuration list for PBXNativeTarget "iteratorPatternTests" */;
			buildPhases = (
				7A89F30629EE718F00FF9B82 /* Sources */,
				7A89F30729EE718F00FF9B82 /* Frameworks */,
				7A89F30829EE718F00FF9B82 /* Resources */,
			);
			buildRules = (
			);
			dependencies = (
				7A89F30C29EE718F00FF9B82 /* PBXTargetDependency */,
			);
			name = iteratorPatternTests;
			productName = iteratorPatternTests;
			productReference = 7A89F30A29EE718F00FF9B82 /* iteratorPatternTests.xctest */;
			productType = "com.apple.product-type.bundle.unit-test";
		};
		7A89F31329EE718F00FF9B82 /* iteratorPatternUITests */ = {
			isa = PBXNativeTarget;
			buildConfigurationList = 7A89F32429EE718F00FF9B82 /* Build configuration list for PBXNativeTarget "iteratorPatternUITests" */;
			buildPhases = (
				7A89F31029EE718F00FF9B82 /* Sources */,
				7A89F31129EE718F00FF9B82 /* Frameworks */,
				7A89F31229EE718F00FF9B82 /* Resources */,
			);
			buildRules = (
			);
			dependencies = (
				7A89F31629EE718F00FF9B82 /* PBXTargetDependency */,
			);
			name = iteratorPatternUITests;
			productName = iteratorPatternUITests;
			productReference = 7A89F31429EE718F00FF9B82 /* iteratorPatternUITests.xctest */;
			productType = "com.apple.product-type.bundle.ui-testing";
		};
/* End PBXNativeTarget section */

/* Begin PBXProject section */
		7A89F2F229EE718E00FF9B82 /* Project object */ = {
			isa = PBXProject;
			attributes = {
				BuildIndependentTargetsInParallel = 1;
				LastSwiftUpdateCheck = 1430;
				LastUpgradeCheck = 1430;
				TargetAttributes = {
					7A89F2F929EE718E00FF9B82 = {
						CreatedOnToolsVersion = 14.3;
					};
					7A89F30929EE718F00FF9B82 = {
						CreatedOnToolsVersion = 14.3;
						TestTargetID = 7A89F2F929EE718E00FF9B82;
					};
					7A89F31329EE718F00FF9B82 = {
						CreatedOnToolsVersion = 14.3;
						TestTargetID = 7A89F2F929EE718E00FF9B82;
					};
				};
			};
			buildConfigurationList = 7A89F2F529EE718E00FF9B82 /* Build configuration list for PBXProject "iteratorPattern" */;
			compatibilityVersion = "Xcode 14.0";
			developmentRegion = en;
			hasScannedForEncodings = 0;
			knownRegions = (
				en,
				Base,
			);
			mainGroup = 7A89F2F129EE718E00FF9B82;
			productRefGroup = 7A89F2FB29EE718E00FF9B82 /* Products */;
			projectDirPath = "";
			projectRoot = "";
			targets = (
				7A89F2F929EE718E00FF9B82 /* iteratorPattern */,
				7A89F30929EE718F00FF9B82 /* iteratorPatternTests */,
				7A89F31329EE718F00FF9B82 /* iteratorPatternUITests */,
			);
		};
/* End PBXProject section */

/* Begin PBXResourcesBuildPhase section */
		7A89F2F829EE718E00FF9B82 /* Resources */ = {
			isa = PBXResourcesBuildPhase;
			buildActionMask = 2147483647;
			files = (
				7A89F30529EE718E00FF9B82 /* Preview Assets.xcassets in Resources */,
				7A89F30229EE718E00FF9B82 /* Assets.xcassets in Resources */,
			);
			runOnlyForDeploymentPostprocessing = 0;
		};
		7A89F30829EE718F00FF9B82 /* Resources */ = {
			isa = PBXResourcesBuildPhase;
			buildActionMask = 2147483647;
			files = (
			);
			runOnlyForDeploymentPostprocessing = 0;
		};
		7A89F31229EE718F00FF9B82 /* Resources */ = {
			isa = PBXResourcesBuildPhase;
			buildActionMask = 2147483647;
			files = (
			);
			runOnlyForDeploymentPostprocessing = 0;
		};
/* End PBXResourcesBuildPhase section */

/* Begin PBXSourcesBuildPhase section */
		7A89F2F629EE718E00FF9B82 /* Sources */ = {
			isa = PBXSourcesBuildPhase;
			buildActionMask = 2147483647;
			files = (
				7A89F32D29EE7EB300FF9B82 /* Task.swift in Sources */,
				7A89F32829EE76A200FF9B82 /* Iterator.swift in Sources */,
				7A89F30029EE718E00FF9B82 /* ContentView.swift in Sources */,
				7A89F2FE29EE718E00FF9B82 /* iteratorPatternApp.swift in Sources */,
			);
			runOnlyForDeploymentPostprocessing = 0;
		};
		7A89F30629EE718F00FF9B82 /* Sources */ = {
			isa = PBXSourcesBuildPhase;
			buildActionMask = 2147483647;
			files = (
				7A89F30F29EE718F00FF9B82 /* iteratorPatternTests.swift in Sources */,
			);
			runOnlyForDeploymentPostprocessing = 0;
		};
		7A89F31029EE718F00FF9B82 /* Sources */ = {
			isa = PBXSourcesBuildPhase;
			buildActionMask = 2147483647;
			files = (
				7A89F31929EE718F00FF9B82 /* iteratorPatternUITests.swift in Sources */,
				7A89F31B29EE718F00FF9B82 /* iteratorPatternUITestsLaunchTests.swift in Sources */,
			);
			runOnlyForDeploymentPostprocessing = 0;
		};
/* End PBXSourcesBuildPhase section */

/* Begin PBXTargetDependency section */
		7A89F30C29EE718F00FF9B82 /* PBXTargetDependency */ = {
			isa = PBXTargetDependency;
			target = 7A89F2F929EE718E00FF9B82 /* iteratorPattern */;
			targetProxy = 7A89F30B29EE718F00FF9B82 /* PBXContainerItemProxy */;
		};
		7A89F31629EE718F00FF9B82 /* PBXTargetDependency */ = {
			isa = PBXTargetDependency;
			target = 7A89F2F929EE718E00FF9B82 /* iteratorPattern */;
			targetProxy = 7A89F31529EE718F00FF9B82 /* PBXContainerItemProxy */;
		};
/* End PBXTargetDependency section */

/* Begin XCBuildConfiguration section */
		7A89F31C29EE718F00FF9B82 /* Debug */ = {
			isa = XCBuildConfiguration;
			buildSettings = {
				ALWAYS_SEARCH_USER_PATHS = NO;
				CLANG_ANALYZER_NONNULL = YES;
				CLANG_ANALYZER_NUMBER_OBJECT_CONVERSION = YES_AGGRESSIVE;
				CLANG_CXX_LANGUAGE_STANDARD = "gnu++20";
				CLANG_ENABLE_MODULES = YES;
				CLANG_ENABLE_OBJC_ARC = YES;
				CLANG_ENABLE_OBJC_WEAK = YES;
				CLANG_WARN_BLOCK_CAPTURE_AUTORELEASING = YES;
				CLANG_WARN_BOOL_CONVERSION = YES;
				CLANG_WARN_COMMA = YES;
				CLANG_WARN_CONSTANT_CONVERSION = YES;
				CLANG_WARN_DEPRECATED_OBJC_IMPLEMENTATIONS = YES;
				CLANG_WARN_DIRECT_OBJC_ISA_USAGE = YES_ERROR;
				CLANG_WARN_DOCUMENTATION_COMMENTS = YES;
				CLANG_WARN_EMPTY_BODY = YES;
				CLANG_WARN_ENUM_CONVERSION = YES;
				CLANG_WARN_INFINITE_RECURSION = YES;
				CLANG_WARN_INT_CONVERSION = YES;
				CLANG_WARN_NON_LITERAL_NULL_CONVERSION = YES;
				CLANG_WARN_OBJC_IMPLICIT_RETAIN_SELF = YES;
				CLANG_WARN_OBJC_LITERAL_CONVERSION = YES;
				CLANG_WARN_OBJC_ROOT_CLASS = YES_ERROR;
				CLANG_WARN_QUOTED_INCLUDE_IN_FRAMEWORK_HEADER = YES;
				CLANG_WARN_RANGE_LOOP_ANALYSIS = YES;
				CLANG_WARN_STRICT_PROTOTYPES = YES;
				CLANG_WARN_SUSPICIOUS_MOVE = YES;
				CLANG_WARN_UNGUARDED_AVAILABILITY = YES_AGGRESSIVE;
				CLANG_WARN_UNREACHABLE_CODE = YES;
				CLANG_WARN__DUPLICATE_METHOD_MATCH = YES;
				COPY_PHASE_STRIP = NO;
				DEBUG_INFORMATION_FORMAT = dwarf;
				ENABLE_STRICT_OBJC_MSGSEND = YES;
				ENABLE_TESTABILITY = YES;
				GCC_C_LANGUAGE_STANDARD = gnu11;
				GCC_DYNAMIC_NO_PIC = NO;
				GCC_NO_COMMON_BLOCKS = YES;
				GCC_OPTIMIZATION_LEVEL = 0;
				GCC_PREPROCESSOR_DEFINITIONS = (
					"DEBUG=1",
					"$(inherited)",
				);
				GCC_WARN_64_TO_32_BIT_CONVERSION = YES;
				GCC_WARN_ABOUT_RETURN_TYPE = YES_ERROR;
				GCC_WARN_UNDECLARED_SELECTOR = YES;
				GCC_WARN_UNINITIALIZED_AUTOS = YES_AGGRESSIVE;
				GCC_WARN_UNUSED_FUNCTION = YES;
				GCC_WARN_UNUSED_VARIABLE = YES;
				IPHONEOS_DEPLOYMENT_TARGET = 16.4;
				MTL_ENABLE_DEBUG_INFO = INCLUDE_SOURCE;
				MTL_FAST_MATH = YES;
				ONLY_ACTIVE_ARCH = YES;
				SDKROOT = iphoneos;
				SWIFT_ACTIVE_COMPILATION_CONDITIONS = DEBUG;
				SWIFT_OPTIMIZATION_LEVEL = "-Onone";
			};
			name = Debug;
		};
		7A89F31D29EE718F00FF9B82 /* Release */ = {
			isa = XCBuildConfiguration;
			buildSettings = {
				ALWAYS_SEARCH_USER_PATHS = NO;
				CLANG_ANALYZER_NONNULL = YES;
				CLANG_ANALYZER_NUMBER_OBJECT_CONVERSION = YES_AGGRESSIVE;
				CLANG_CXX_LANGUAGE_STANDARD = "gnu++20";
				CLANG_ENABLE_MODULES = YES;
				CLANG_ENABLE_OBJC_ARC = YES;
				CLANG_ENABLE_OBJC_WEAK = YES;
				CLANG_WARN_BLOCK_CAPTURE_AUTORELEASING = YES;
				CLANG_WARN_BOOL_CONVERSION = YES;
				CLANG_WARN_COMMA = YES;
				CLANG_WARN_CONSTANT_CONVERSION = YES;
				CLANG_WARN_DEPRECATED_OBJC_IMPLEMENTATIONS = YES;
				CLANG_WARN_DIRECT_OBJC_ISA_USAGE = YES_ERROR;
				CLANG_WARN_DOCUMENTATION_COMMENTS = YES;
				CLANG_WARN_EMPTY_BODY = YES;
				CLANG_WARN_ENUM_CONVERSION = YES;
				CLANG_WARN_INFINITE_RECURSION = YES;
				CLANG_WARN_INT_CONVERSION = YES;
				CLANG_WARN_NON_LITERAL_NULL_CONVERSION = YES;
				CLANG_WARN_OBJC_IMPLICIT_RETAIN_SELF = YES;
				CLANG_WARN_OBJC_LITERAL_CONVERSION = YES;
				CLANG_WARN_OBJC_ROOT_CLASS = YES_ERROR;
				CLANG_WARN_QUOTED_INCLUDE_IN_FRAMEWORK_HEADER = YES;
				CLANG_WARN_RANGE_LOOP_ANALYSIS = YES;
				CLANG_WARN_STRICT_PROTOTYPES = YES;
				CLANG_WARN_SUSPICIOUS_MOVE = YES;
				CLANG_WARN_UNGUARDED_AVAILABILITY = YES_AGGRESSIVE;
				CLANG_WARN_UNREACHABLE_CODE = YES;
				CLANG_WARN__DUPLICATE_METHOD_MATCH = YES;
				COPY_PHASE_STRIP = NO;
				DEBUG_INFORMATION_FORMAT = "dwarf-with-dsym";
				ENABLE_NS_ASSERTIONS = NO;
				ENABLE_STRICT_OBJC_MSGSEND = YES;
				GCC_C_LANGUAGE_STANDARD = gnu11;
				GCC_NO_COMMON_BLOCKS = YES;
				GCC_WARN_64_TO_32_BIT_CONVERSION = YES;
				GCC_WARN_ABOUT_RETURN_TYPE = YES_ERROR;
				GCC_WARN_UNDECLARED_SELECTOR = YES;
				GCC_WARN_UNINITIALIZED_AUTOS = YES_AGGRESSIVE;
				GCC_WARN_UNUSED_FUNCTION = YES;
				GCC_WARN_UNUSED_VARIABLE = YES;
				IPHONEOS_DEPLOYMENT_TARGET = 16.4;
				MTL_ENABLE_DEBUG_INFO = NO;
				MTL_FAST_MATH = YES;
				SDKROOT = iphoneos;
				SWIFT_COMPILATION_MODE = wholemodule;
				SWIFT_OPTIMIZATION_LEVEL = "-O";
				VALIDATE_PRODUCT = YES;
			};
			name = Release;
		};
		7A89F31F29EE718F00FF9B82 /* Debug */ = {
			isa = XCBuildConfiguration;
			buildSettings = {
				ASSETCATALOG_COMPILER_APPICON_NAME = AppIcon;
				ASSETCATALOG_COMPILER_GLOBAL_ACCENT_COLOR_NAME = AccentColor;
				CODE_SIGN_STYLE = Automatic;
				CURRENT_PROJECT_VERSION = 1;
				DEVELOPMENT_ASSET_PATHS = "\"iteratorPattern/Preview Content\"";
				ENABLE_PREVIEWS = YES;
				GENERATE_INFOPLIST_FILE = YES;
				INFOPLIST_KEY_UIApplicationSceneManifest_Generation = YES;
				INFOPLIST_KEY_UIApplicationSupportsIndirectInputEvents = YES;
				INFOPLIST_KEY_UILaunchScreen_Generation = YES;
				INFOPLIST_KEY_UISupportedInterfaceOrientations_iPad = "UIInterfaceOrientationPortrait UIInterfaceOrientationPortraitUpsideDown UIInterfaceOrientationLandscapeLeft UIInterfaceOrientationLandscapeRight";
				INFOPLIST_KEY_UISupportedInterfaceOrientations_iPhone = "UIInterfaceOrientationPortrait UIInterfaceOrientationLandscapeLeft UIInterfaceOrientationLandscapeRight";
				LD_RUNPATH_SEARCH_PATHS = (
					"$(inherited)",
					"@executable_path/Frameworks",
				);
				MARKETING_VERSION = 1.0;
				PRODUCT_BUNDLE_IDENTIFIER = com.serhatsezen.iteratorPattern;
				PRODUCT_NAME = "$(TARGET_NAME)";
				SWIFT_EMIT_LOC_STRINGS = YES;
				SWIFT_VERSION = 5.0;
				TARGETED_DEVICE_FAMILY = "1,2";
			};
			name = Debug;
		};
		7A89F32029EE718F00FF9B82 /* Release */ = {
			isa = XCBuildConfiguration;
			buildSettings = {
				ASSETCATALOG_COMPILER_APPICON_NAME = AppIcon;
				ASSETCATALOG_COMPILER_GLOBAL_ACCENT_COLOR_NAME = AccentColor;
				CODE_SIGN_STYLE = Automatic;
				CURRENT_PROJECT_VERSION = 1;
				DEVELOPMENT_ASSET_PATHS = "\"iteratorPattern/Preview Content\"";
				ENABLE_PREVIEWS = YES;
				GENERATE_INFOPLIST_FILE = YES;
				INFOPLIST_KEY_UIApplicationSceneManifest_Generation = YES;
				INFOPLIST_KEY_UIApplicationSupportsIndirectInputEvents = YES;
				INFOPLIST_KEY_UILaunchScreen_Generation = YES;
				INFOPLIST_KEY_UISupportedInterfaceOrientations_iPad = "UIInterfaceOrientationPortrait UIInterfaceOrientationPortraitUpsideDown UIInterfaceOrientationLandscapeLeft UIInterfaceOrientationLandscapeRight";
				INFOPLIST_KEY_UISupportedInterfaceOrientations_iPhone = "UIInterfaceOrientationPortrait UIInterfaceOrientationLandscapeLeft UIInterfaceOrientationLandscapeRight";
				LD_RUNPATH_SEARCH_PATHS = (
					"$(inherited)",
					"@executable_path/Frameworks",
				);
				MARKETING_VERSION = 1.0;
				PRODUCT_BUNDLE_IDENTIFIER = com.serhatsezen.iteratorPattern;
				PRODUCT_NAME = "$(TARGET_NAME)";
				SWIFT_EMIT_LOC_STRINGS = YES;
				SWIFT_VERSION = 5.0;
				TARGETED_DEVICE_FAMILY = "1,2";
			};
			name = Release;
		};
		7A89F32229EE718F00FF9B82 /* Debug */ = {
			isa = XCBuildConfiguration;
			buildSettings = {
				ALWAYS_EMBED_SWIFT_STANDARD_LIBRARIES = YES;
				BUNDLE_LOADER = "$(TEST_HOST)";
				CODE_SIGN_STYLE = Automatic;
				CURRENT_PROJECT_VERSION = 1;
				GENERATE_INFOPLIST_FILE = YES;
				IPHONEOS_DEPLOYMENT_TARGET = 16.4;
				MARKETING_VERSION = 1.0;
				PRODUCT_BUNDLE_IDENTIFIER = com.serhatsezen.iteratorPatternTests;
				PRODUCT_NAME = "$(TARGET_NAME)";
				SWIFT_EMIT_LOC_STRINGS = NO;
				SWIFT_VERSION = 5.0;
				TARGETED_DEVICE_FAMILY = "1,2";
				TEST_HOST = "$(BUILT_PRODUCTS_DIR)/iteratorPattern.app/$(BUNDLE_EXECUTABLE_FOLDER_PATH)/iteratorPattern";
			};
			name = Debug;
		};
		7A89F32329EE718F00FF9B82 /* Release */ = {
			isa = XCBuildConfiguration;
			buildSettings = {
				ALWAYS_EMBED_SWIFT_STANDARD_LIBRARIES = YES;
				BUNDLE_LOADER = "$(TEST_HOST)";
				CODE_SIGN_STYLE = Automatic;
				CURRENT_PROJECT_VERSION = 1;
				GENERATE_INFOPLIST_FILE = YES;
				IPHONEOS_DEPLOYMENT_TARGET = 16.4;
				MARKETING_VERSION = 1.0;
				PRODUCT_BUNDLE_IDENTIFIER = com.serhatsezen.iteratorPatternTests;
				PRODUCT_NAME = "$(TARGET_NAME)";
				SWIFT_EMIT_LOC_STRINGS = NO;
				SWIFT_VERSION = 5.0;
				TARGETED_DEVICE_FAMILY = "1,2";
				TEST_HOST = "$(BUILT_PRODUCTS_DIR)/iteratorPattern.app/$(BUNDLE_EXECUTABLE_FOLDER_PATH)/iteratorPattern";
			};
			name = Release;
		};
		7A89F32529EE718F00FF9B82 /* Debug */ = {
			isa = XCBuildConfiguration;
			buildSettings = {
				ALWAYS_EMBED_SWIFT_STANDARD_LIBRARIES = YES;
				CODE_SIGN_STYLE = Automatic;
				CURRENT_PROJECT_VERSION = 1;
				GENERATE_INFOPLIST_FILE = YES;
				MARKETING_VERSION = 1.0;
				PRODUCT_BUNDLE_IDENTIFIER = com.serhatsezen.iteratorPatternUITests;
				PRODUCT_NAME = "$(TARGET_NAME)";
				SWIFT_EMIT_LOC_STRINGS = NO;
				SWIFT_VERSION = 5.0;
				TARGETED_DEVICE_FAMILY = "1,2";
				TEST_TARGET_NAME = iteratorPattern;
			};
			name = Debug;
		};
		7A89F32629EE718F00FF9B82 /* Release */ = {
			isa = XCBuildConfiguration;
			buildSettings = {
				ALWAYS_EMBED_SWIFT_STANDARD_LIBRARIES = YES;
				CODE_SIGN_STYLE = Automatic;
				CURRENT_PROJECT_VERSION = 1;
				GENERATE_INFOPLIST_FILE = YES;
				MARKETING_VERSION = 1.0;
				PRODUCT_BUNDLE_IDENTIFIER = com.serhatsezen.iteratorPatternUITests;
				PRODUCT_NAME = "$(TARGET_NAME)";
				SWIFT_EMIT_LOC_STRINGS = NO;
				SWIFT_VERSION = 5.0;
				TARGETED_DEVICE_FAMILY = "1,2";
				TEST_TARGET_NAME = iteratorPattern;
			};
			name = Release;
		};
/* End XCBuildConfiguration section */

/* Begin XCConfigurationList section */
		7A89F2F529EE718E00FF9B82 /* Build configuration list for PBXProject "iteratorPattern" */ = {
			isa = XCConfigurationList;
			buildConfigurations = (
				7A89F31C29EE718F00FF9B82 /* Debug */,
				7A89F31D29EE718F00FF9B82 /* Release */,
			);
			defaultConfigurationIsVisible = 0;
			defaultConfigurationName = Release;
		};
		7A89F31E29EE718F00FF9B82 /* Build configuration list for PBXNativeTarget "iteratorPattern" */ = {
			isa = XCConfigurationList;
			buildConfigurations = (
				7A89F31F29EE718F00FF9B82 /* Debug */,
				7A89F32029EE718F00FF9B82 /* Release */,
			);
			defaultConfigurationIsVisible = 0;
			defaultConfigurationName = Release;
		};
		7A89F32129EE718F00FF9B82 /* Build configuration list for PBXNativeTarget "iteratorPatternTests" */ = {
			isa = XCConfigurationList;
			buildConfigurations = (
				7A89F32229EE718F00FF9B82 /* Debug */,
				7A89F32329EE718F00FF9B82 /* Release */,
			);
			defaultConfigurationIsVisible = 0;
			defaultConfigurationName = Release;
		};
		7A89F32429EE718F00FF9B82 /* Build configuration list for PBXNativeTarget "iteratorPatternUITests" */ = {
			isa = XCConfigurationList;
			buildConfigurations = (
				7A89F32529EE718F00FF9B82 /* Debug */,
				7A89F32629EE718F00FF9B82 /* Release */,
			);
			defaultConfigurationIsVisible = 0;
			defaultConfigurationName = Release;
		};
/* End XCConfigurationList section */
	};
	rootObject = 7A89F2F229EE718E00FF9B82 /* Project object */;
}
